// !$*UTF8*$!
{
	archiveVersion = 1;
	classes = {
	};
	objectVersion = 50;
	objects = {

/* Begin PBXBuildFile section */
		C84BF9C2218D349300B06A70 /* AppDelegate.swift in Sources */ = {isa = PBXBuildFile; fileRef = C84BF9C1218D349300B06A70 /* AppDelegate.swift */; };
		C84BF9C7218D349300B06A70 /* Main.storyboard in Resources */ = {isa = PBXBuildFile; fileRef = C84BF9C5218D349300B06A70 /* Main.storyboard */; };
		C84BF9C9218D349500B06A70 /* Assets.xcassets in Resources */ = {isa = PBXBuildFile; fileRef = C84BF9C8218D349500B06A70 /* Assets.xcassets */; };
		C84BF9CC218D349500B06A70 /* LaunchScreen.storyboard in Resources */ = {isa = PBXBuildFile; fileRef = C84BF9CA218D349500B06A70 /* LaunchScreen.storyboard */; };
		C84BF9DC218D380100B06A70 /* TextInputTableViewCell.swift in Sources */ = {isa = PBXBuildFile; fileRef = C84BF9DB218D380100B06A70 /* TextInputTableViewCell.swift */; };
		C84BF9DF218D398F00B06A70 /* FormViewController.swift in Sources */ = {isa = PBXBuildFile; fileRef = C84BF9DE218D398F00B06A70 /* FormViewController.swift */; };
		C84BF9E1218D39A300B06A70 /* Form.swift in Sources */ = {isa = PBXBuildFile; fileRef = C84BF9E0218D39A300B06A70 /* Form.swift */; };
		C84BF9EB218D3EB200B06A70 /* Note.swift in Sources */ = {isa = PBXBuildFile; fileRef = C84BF9EA218D3EB200B06A70 /* Note.swift */; };
		C84BF9ED218D40B900B06A70 /* FormViewController+Note.swift in Sources */ = {isa = PBXBuildFile; fileRef = C84BF9EC218D40B900B06A70 /* FormViewController+Note.swift */; };
/* End PBXBuildFile section */

/* Begin PBXFileReference section */
		C84BF9BE218D349300B06A70 /* UITableViewCellTextInput.app */ = {isa = PBXFileReference; explicitFileType = wrapper.application; includeInIndex = 0; path = UITableViewCellTextInput.app; sourceTree = BUILT_PRODUCTS_DIR; };
		C84BF9C1218D349300B06A70 /* AppDelegate.swift */ = {isa = PBXFileReference; lastKnownFileType = sourcecode.swift; path = AppDelegate.swift; sourceTree = "<group>"; };
		C84BF9C6218D349300B06A70 /* Base */ = {isa = PBXFileReference; lastKnownFileType = file.storyboard; name = Base; path = Base.lproj/Main.storyboard; sourceTree = "<group>"; };
		C84BF9C8218D349500B06A70 /* Assets.xcassets */ = {isa = PBXFileReference; lastKnownFileType = folder.assetcatalog; path = Assets.xcassets; sourceTree = "<group>"; };
		C84BF9CB218D349500B06A70 /* Base */ = {isa = PBXFileReference; lastKnownFileType = file.storyboard; name = Base; path = Base.lproj/LaunchScreen.storyboard; sourceTree = "<group>"; };
		C84BF9CD218D349500B06A70 /* Info.plist */ = {isa = PBXFileReference; lastKnownFileType = text.plist.xml; path = Info.plist; sourceTree = "<group>"; };
		C84BF9DB218D380100B06A70 /* TextInputTableViewCell.swift */ = {isa = PBXFileReference; lastKnownFileType = sourcecode.swift; path = TextInputTableViewCell.swift; sourceTree = "<group>"; };
		C84BF9DE218D398F00B06A70 /* FormViewController.swift */ = {isa = PBXFileReference; lastKnownFileType = sourcecode.swift; path = FormViewController.swift; sourceTree = "<group>"; };
		C84BF9E0218D39A300B06A70 /* Form.swift */ = {isa = PBXFileReference; lastKnownFileType = sourcecode.swift; path = Form.swift; sourceTree = "<group>"; };
		C84BF9EA218D3EB200B06A70 /* Note.swift */ = {isa = PBXFileReference; lastKnownFileType = sourcecode.swift; path = Note.swift; sourceTree = "<group>"; };
		C84BF9EC218D40B900B06A70 /* FormViewController+Note.swift */ = {isa = PBXFileReference; lastKnownFileType = sourcecode.swift; path = "FormViewController+Note.swift"; sourceTree = "<group>"; };
/* End PBXFileReference section */

/* Begin PBXFrameworksBuildPhase section */
		C84BF9BB218D349300B06A70 /* Frameworks */ = {
			isa = PBXFrameworksBuildPhase;
			buildActionMask = 2147483647;
			files = (
			);
			runOnlyForDeploymentPostprocessing = 0;
		};
/* End PBXFrameworksBuildPhase section */

/* Begin PBXGroup section */
		C84BF9B5218D349300B06A70 = {
			isa = PBXGroup;
			children = (
				C84BF9C0218D349300B06A70 /* UITableViewCellTextInput */,
				C84BF9BF218D349300B06A70 /* Products */,
			);
			sourceTree = "<group>";
		};
		C84BF9BF218D349300B06A70 /* Products */ = {
			isa = PBXGroup;
			children = (
				C84BF9BE218D349300B06A70 /* UITableViewCellTextInput.app */,
			);
			name = Products;
			sourceTree = "<group>";
		};
		C84BF9C0218D349300B06A70 /* UITableViewCellTextInput */ = {
			isa = PBXGroup;
			children = (
				C84BF9C1218D349300B06A70 /* AppDelegate.swift */,
				C84BF9DE218D398F00B06A70 /* FormViewController.swift */,
				C84BF9EC218D40B900B06A70 /* FormViewController+Note.swift */,
				C84BF9E0218D39A300B06A70 /* Form.swift */,
				C84BF9DB218D380100B06A70 /* TextInputTableViewCell.swift */,
				C84BF9EA218D3EB200B06A70 /* Note.swift */,
				C84BF9C5218D349300B06A70 /* Main.storyboard */,
				C84BF9C8218D349500B06A70 /* Assets.xcassets */,
				C84BF9CA218D349500B06A70 /* LaunchScreen.storyboard */,
				C84BF9CD218D349500B06A70 /* Info.plist */,
			);
			path = UITableViewCellTextInput;
			sourceTree = "<group>";
		};
/* End PBXGroup section */

/* Begin PBXNativeTarget section */
		C84BF9BD218D349300B06A70 /* UITableViewCellTextInput */ = {
			isa = PBXNativeTarget;
			buildConfigurationList = C84BF9D0218D349500B06A70 /* Build configuration list for PBXNativeTarget "UITableViewCellTextInput" */;
			buildPhases = (
				C84BF9BA218D349300B06A70 /* Sources */,
				C84BF9BB218D349300B06A70 /* Frameworks */,
				C84BF9BC218D349300B06A70 /* Resources */,
			);
			buildRules = (
			);
			dependencies = (
			);
			name = UITableViewCellTextInput;
			productName = UITableViewCellTextInput;
			productReference = C84BF9BE218D349300B06A70 /* UITableViewCellTextInput.app */;
			productType = "com.apple.product-type.application";
		};
/* End PBXNativeTarget section */

/* Begin PBXProject section */
		C84BF9B6218D349300B06A70 /* Project object */ = {
			isa = PBXProject;
			attributes = {
				LastSwiftUpdateCheck = 1010;
				LastUpgradeCheck = 1010;
				ORGANIZATIONNAME = "Augmented Code";
				TargetAttributes = {
					C84BF9BD218D349300B06A70 = {
						CreatedOnToolsVersion = 10.1;
					};
				};
			};
			buildConfigurationList = C84BF9B9218D349300B06A70 /* Build configuration list for PBXProject "UITableViewCellTextInput" */;
			compatibilityVersion = "Xcode 9.3";
			developmentRegion = en;
			hasScannedForEncodings = 0;
			knownRegions = (
				en,
				Base,
			);
			mainGroup = C84BF9B5218D349300B06A70;
			productRefGroup = C84BF9BF218D349300B06A70 /* Products */;
			projectDirPath = "";
			projectRoot = "";
			targets = (
				C84BF9BD218D349300B06A70 /* UITableViewCellTextInput */,
			);
		};
/* End PBXProject section */

/* Begin PBXResourcesBuildPhase section */
		C84BF9BC218D349300B06A70 /* Resources */ = {
			isa = PBXResourcesBuildPhase;
			buildActionMask = 2147483647;
			files = (
				C84BF9CC218D349500B06A70 /* LaunchScreen.storyboard in Resources */,
				C84BF9C9218D349500B06A70 /* Assets.xcassets in Resources */,
				C84BF9C7218D349300B06A70 /* Main.storyboard in Resources */,
			);
			runOnlyForDeploymentPostprocessing = 0;
		};
/* End PBXResourcesBuildPhase section */

/* Begin PBXSourcesBuildPhase section */
		C84BF9BA218D349300B06A70 /* Sources */ = {
			isa = PBXSourcesBuildPhase;
			buildActionMask = 2147483647;
			files = (
				C84BF9ED218D40B900B06A70 /* FormViewController+Note.swift in Sources */,
				C84BF9EB218D3EB200B06A70 /* Note.swift in Sources */,
				C84BF9C2218D349300B06A70 /* AppDelegate.swift in Sources */,
				C84BF9E1218D39A300B06A70 /* Form.swift in Sources */,
				C84BF9DF218D398F00B06A70 /* FormViewController.swift in Sources */,
				C84BF9DC218D380100B06A70 /* TextInputTableViewCell.swift in Sources */,
			);
			runOnlyForDeploymentPostprocessing = 0;
		};
/* End PBXSourcesBuildPhase section */

/* Begin PBXVariantGroup section */
		C84BF9C5218D349300B06A70 /* Main.storyboard */ = {
			isa = PBXVariantGroup;
			children = (
				C84BF9C6218D349300B06A70 /* Base */,
			);
			name = Main.storyboard;
			sourceTree = "<group>";
		};
		C84BF9CA218D349500B06A70 /* LaunchScreen.storyboard */ = {
			isa = PBXVariantGroup;
			children = (
				C84BF9CB218D349500B06A70 /* Base */,
			);
			name = LaunchScreen.storyboard;
			sourceTree = "<group>";
		};
/* End PBXVariantGroup section */

/* Begin XCBuildConfiguration section */
		C84BF9CE218D349500B06A70 /* Debug */ = {
			isa = XCBuildConfiguration;
			buildSettings = {
				ALWAYS_SEARCH_USER_PATHS = NO;
				CLANG_ANALYZER_NONNULL = YES;
				CLANG_ANALYZER_NUMBER_OBJECT_CONVERSION = YES_AGGRESSIVE;
				CLANG_CXX_LANGUAGE_STANDARD = "gnu++14";
				CLANG_CXX_LIBRARY = "libc++";
				CLANG_ENABLE_MODULES = YES;
				CLANG_ENABLE_OBJC_ARC = YES;
				CLANG_ENABLE_OBJC_WEAK = YES;
				CLANG_WARN_BLOCK_CAPTURE_AUTORELEASING = YES;
				CLANG_WARN_BOOL_CONVERSION = YES;
				CLANG_WARN_COMMA = YES;
				CLANG_WARN_CONSTANT_CONVERSION = YES;
				CLANG_WARN_DEPRECATED_OBJC_IMPLEMENTATIONS = YES;
				CLANG_WARN_DIRECT_OBJC_ISA_USAGE = YES_ERROR;
				CLANG_WARN_DOCUMENTATION_COMMENTS = YES;
				CLANG_WARN_EMPTY_BODY = YES;
				CLANG_WARN_ENUM_CONVERSION = YES;
				CLANG_WARN_INFINITE_RECURSION = YES;
				CLANG_WARN_INT_CONVERSION = YES;
				CLANG_WARN_NON_LITERAL_NULL_CONVERSION = YES;
				CLANG_WARN_OBJC_IMPLICIT_RETAIN_SELF = YES;
				CLANG_WARN_OBJC_LITERAL_CONVERSION = YES;
				CLANG_WARN_OBJC_ROOT_CLASS = YES_ERROR;
				CLANG_WARN_RANGE_LOOP_ANALYSIS = YES;
				CLANG_WARN_STRICT_PROTOTYPES = YES;
				CLANG_WARN_SUSPICIOUS_MOVE = YES;
				CLANG_WARN_UNGUARDED_AVAILABILITY = YES_AGGRESSIVE;
				CLANG_WARN_UNREACHABLE_CODE = YES;
				CLANG_WARN__DUPLICATE_METHOD_MATCH = YES;
				CODE_SIGN_IDENTITY = "iPhone Developer";
				COPY_PHASE_STRIP = NO;
				DEBUG_INFORMATION_FORMAT = dwarf;
				ENABLE_STRICT_OBJC_MSGSEND = YES;
				ENABLE_TESTABILITY = YES;
				GCC_C_LANGUAGE_STANDARD = gnu11;
				GCC_DYNAMIC_NO_PIC = NO;
				GCC_NO_COMMON_BLOCKS = YES;
				GCC_OPTIMIZATION_LEVEL = 0;
				GCC_PREPROCESSOR_DEFINITIONS = (
					"DEBUG=1",
					"$(inherited)",
				);
				GCC_WARN_64_TO_32_BIT_CONVERSION = YES;
				GCC_WARN_ABOUT_RETURN_TYPE = YES_ERROR;
				GCC_WARN_UNDECLARED_SELECTOR = YES;
				GCC_WARN_UNINITIALIZED_AUTOS = YES_AGGRESSIVE;
				GCC_WARN_UNUSED_FUNCTION = YES;
				GCC_WARN_UNUSED_VARIABLE = YES;
				IPHONEOS_DEPLOYMENT_TARGET = 12.1;
				MTL_ENABLE_DEBUG_INFO = INCLUDE_SOURCE;
				MTL_FAST_MATH = YES;
				ONLY_ACTIVE_ARCH = YES;
				SDKROOT = iphoneos;
				SWIFT_ACTIVE_COMPILATION_CONDITIONS = DEBUG;
				SWIFT_OPTIMIZATION_LEVEL = "-Onone";
			};
			name = Debug;
		};
		C84BF9CF218D349500B06A70 /* Release */ = {
			isa = XCBuildConfiguration;
			buildSettings = {
				ALWAYS_SEARCH_USER_PATHS = NO;
				CLANG_ANALYZER_NONNULL = YES;
				CLANG_ANALYZER_NUMBER_OBJECT_CONVERSION = YES_AGGRESSIVE;
				CLANG_CXX_LANGUAGE_STANDARD = "gnu++14";
				CLANG_CXX_LIBRARY = "libc++";
				CLANG_ENABLE_MODULES = YES;
				CLANG_ENABLE_OBJC_ARC = YES;
				CLANG_ENABLE_OBJC_WEAK = YES;
				CLANG_WARN_BLOCK_CAPTURE_AUTORELEASING = YES;
				CLANG_WARN_BOOL_CONVERSION = YES;
				CLANG_WARN_COMMA = YES;
				CLANG_WARN_CONSTANT_CONVERSION = YES;
				CLANG_WARN_DEPRECATED_OBJC_IMPLEMENTATIONS = YES;
				CLANG_WARN_DIRECT_OBJC_ISA_USAGE = YES_ERROR;
				CLANG_WARN_DOCUMENTATION_COMMENTS = YES;
				CLANG_WARN_EMPTY_BODY = YES;
				CLANG_WARN_ENUM_CONVERSION = YES;
				CLANG_WARN_INFINITE_RECURSION = YES;
				CLANG_WARN_INT_CONVERSION = YES;
				CLANG_WARN_NON_LITERAL_NULL_CONVERSION = YES;
				CLANG_WARN_OBJC_IMPLICIT_RETAIN_SELF = YES;
				CLANG_WARN_OBJC_LITERAL_CONVERSION = YES;
				CLANG_WARN_OBJC_ROOT_CLASS = YES_ERROR;
				CLANG_WARN_RANGE_LOOP_ANALYSIS = YES;
				CLANG_WARN_STRICT_PROTOTYPES = YES;
				CLANG_WARN_SUSPICIOUS_MOVE = YES;
				CLANG_WARN_UNGUARDED_AVAILABILITY = YES_AGGRESSIVE;
				CLANG_WARN_UNREACHABLE_CODE = YES;
				CLANG_WARN__DUPLICATE_METHOD_MATCH = YES;
				CODE_SIGN_IDENTITY = "iPhone Developer";
				COPY_PHASE_STRIP = NO;
				DEBUG_INFORMATION_FORMAT = "dwarf-with-dsym";
				ENABLE_NS_ASSERTIONS = NO;
				ENABLE_STRICT_OBJC_MSGSEND = YES;
				GCC_C_LANGUAGE_STANDARD = gnu11;
				GCC_NO_COMMON_BLOCKS = YES;
				GCC_WARN_64_TO_32_BIT_CONVERSION = YES;
				GCC_WARN_ABOUT_RETURN_TYPE = YES_ERROR;
				GCC_WARN_UNDECLARED_SELECTOR = YES;
				GCC_WARN_UNINITIALIZED_AUTOS = YES_AGGRESSIVE;
				GCC_WARN_UNUSED_FUNCTION = YES;
				GCC_WARN_UNUSED_VARIABLE = YES;
				IPHONEOS_DEPLOYMENT_TARGET = 12.1;
				MTL_ENABLE_DEBUG_INFO = NO;
				MTL_FAST_MATH = YES;
				SDKROOT = iphoneos;
				SWIFT_COMPILATION_MODE = wholemodule;
				SWIFT_OPTIMIZATION_LEVEL = "-O";
				VALIDATE_PRODUCT = YES;
			};
			name = Release;
		};
		C84BF9D1218D349500B06A70 /* Debug */ = {
			isa = XCBuildConfiguration;
			buildSettings = {
				ASSETCATALOG_COMPILER_APPICON_NAME = AppIcon;
				CODE_SIGN_STYLE = Automatic;
				DEVELOPMENT_TEAM = XJPC47UM3W;
				INFOPLIST_FILE = UITableViewCellTextInput/Info.plist;
				LD_RUNPATH_SEARCH_PATHS = (
					"$(inherited)",
					"@executable_path/Frameworks",
				);
				PRODUCT_BUNDLE_IDENTIFIER = com.augmentedcode.UITableViewCellTextInput;
				PRODUCT_NAME = "$(TARGET_NAME)";
				SWIFT_VERSION = 4.2;
				TARGETED_DEVICE_FAMILY = "1,2";
			};
			name = Debug;
		};
		C84BF9D2218D349500B06A70 /* Release */ = {
			isa = XCBuildConfiguration;
			buildSettings = {
				ASSETCATALOG_COMPILER_APPICON_NAME = AppIcon;
				CODE_SIGN_STYLE = Automatic;
				DEVELOPMENT_TEAM = XJPC47UM3W;
				INFOPLIST_FILE = UITableViewCellTextInput/Info.plist;
				LD_RUNPATH_SEARCH_PATHS = (
					"$(inherited)",
					"@executable_path/Frameworks",
				);
				PRODUCT_BUNDLE_IDENTIFIER = com.augmentedcode.UITableViewCellTextInput;
				PRODUCT_NAME = "$(TARGET_NAME)";
				SWIFT_VERSION = 4.2;
				TARGETED_DEVICE_FAMILY = "1,2";
			};
			name = Release;
		};
/* End XCBuildConfiguration section */

/* Begin XCConfigurationList section */
		C84BF9B9218D349300B06A70 /* Build configuration list for PBXProject "UITableViewCellTextInput" */ = {
			isa = XCConfigurationList;
			buildConfigurations = (
				C84BF9CE218D349500B06A70 /* Debug */,
				C84BF9CF218D349500B06A70 /* Release */,
			);
			defaultConfigurationIsVisible = 0;
			defaultConfigurationName = Release;
		};
		C84BF9D0218D349500B06A70 /* Build configuration list for PBXNativeTarget "UITableViewCellTextInput" */ = {
			isa = XCConfigurationList;
			buildConfigurations = (
				C84BF9D1218D349500B06A70 /* Debug */,
				C84BF9D2218D349500B06A70 /* Release */,
			);
			defaultConfigurationIsVisible = 0;
			defaultConfigurationName = Release;
		};
/* End XCConfigurationList section */
	};
	rootObject = C84BF9B6218D349300B06A70 /* Project object */;
}
